
Microsoft Visual Studio Solution File, Format Version 12.00
# Visual Studio Version 16
VisualStudioVersion = 16.0.29009.5
MinimumVisualStudioVersion = 10.0.40219.1
Project("{FAE04EC0-301F-11D3-BF4B-00C04F79EFBC}") = "CertificadorXML", "CertificadorXML\CertificadorXML.csproj", "{5EB8BBC3-AB4E-4F3F-B371-D5939FB60AC2}"
EndProject
Global
	GlobalSection(SolutionConfigurationPlatforms) = preSolution
		Debug|Any CPU = Debug|Any CPU
		Release|Any CPU = Release|Any CPU
	EndGlobalSection
	GlobalSection(ProjectConfigurationPlatforms) = postSolution
		{5EB8BBC3-AB4E-4F3F-B371-D5939FB60AC2}.Debug|Any CPU.ActiveCfg = Debug|Any CPU
		{5EB8BBC3-AB4E-4F3F-B371-D5939FB60AC2}.Debug|Any CPU.Build.0 = Debug|Any CPU
		{5EB8BBC3-AB4E-4F3F-B371-D5939FB60AC2}.Release|Any CPU.ActiveCfg = Release|Any CPU
		{5EB8BBC3-AB4E-4F3F-B371-D5939FB60AC2}.Release|Any CPU.Build.0 = Release|Any CPU
	EndGlobalSection
	GlobalSection(SolutionProperties) = preSolution
		HideSolutionNode = FALSE
	EndGlobalSection
	GlobalSection(ExtensibilityGlobals) = postSolution
		SolutionGuid = {2E3C0447-DEB7-4529-A89A-59CFB3982EC9}
	EndGlobalSection
EndGlobal
